// !$*UTF8*$!
{
	archiveVersion = 1;
	classes = {
	};
	objectVersion = 46;
	objects = {

/* Begin PBXBuildFile section */
		490179C91D73BDA2001A3E76 /* AppDelegate.swift in Sources */ = {isa = PBXBuildFile; fileRef = 490179C81D73BDA2001A3E76 /* AppDelegate.swift */; };
		490179CE1D73BDA2001A3E76 /* Main.storyboard in Resources */ = {isa = PBXBuildFile; fileRef = 490179CC1D73BDA2001A3E76 /* Main.storyboard */; };
		490179D01D73BDA2001A3E76 /* Assets.xcassets in Resources */ = {isa = PBXBuildFile; fileRef = 490179CF1D73BDA2001A3E76 /* Assets.xcassets */; };
		490179D31D73BDA2001A3E76 /* LaunchScreen.storyboard in Resources */ = {isa = PBXBuildFile; fileRef = 490179D11D73BDA2001A3E76 /* LaunchScreen.storyboard */; };
		494361061D73CA8700780198 /* ArtistModel.swift in Sources */ = {isa = PBXBuildFile; fileRef = 494361051D73CA8700780198 /* ArtistModel.swift */; };
		494361081D73CA8F00780198 /* ArtistsViewController.swift in Sources */ = {isa = PBXBuildFile; fileRef = 494361071D73CA8F00780198 /* ArtistsViewController.swift */; };
/* End PBXBuildFile section */

/* Begin PBXFileReference section */
		490179C51D73BDA2001A3E76 /* SayWhat.app */ = {isa = PBXFileReference; explicitFileType = wrapper.application; includeInIndex = 0; path = SayWhat.app; sourceTree = BUILT_PRODUCTS_DIR; };
		490179C81D73BDA2001A3E76 /* AppDelegate.swift */ = {isa = PBXFileReference; lastKnownFileType = sourcecode.swift; path = AppDelegate.swift; sourceTree = "<group>"; };
		490179CD1D73BDA2001A3E76 /* Base */ = {isa = PBXFileReference; lastKnownFileType = file.storyboard; name = Base; path = Base.lproj/Main.storyboard; sourceTree = "<group>"; };
		490179CF1D73BDA2001A3E76 /* Assets.xcassets */ = {isa = PBXFileReference; lastKnownFileType = folder.assetcatalog; path = Assets.xcassets; sourceTree = "<group>"; };
		490179D21D73BDA2001A3E76 /* Base */ = {isa = PBXFileReference; lastKnownFileType = file.storyboard; name = Base; path = Base.lproj/LaunchScreen.storyboard; sourceTree = "<group>"; };
		490179D41D73BDA2001A3E76 /* Info.plist */ = {isa = PBXFileReference; lastKnownFileType = text.plist.xml; path = Info.plist; sourceTree = "<group>"; };
		494361051D73CA8700780198 /* ArtistModel.swift */ = {isa = PBXFileReference; fileEncoding = 4; lastKnownFileType = sourcecode.swift; name = ArtistModel.swift; path = Models/ArtistModel.swift; sourceTree = "<group>"; };
		494361071D73CA8F00780198 /* ArtistsViewController.swift */ = {isa = PBXFileReference; fileEncoding = 4; lastKnownFileType = sourcecode.swift; name = ArtistsViewController.swift; path = Views/ArtistsViewController.swift; sourceTree = "<group>"; };
/* End PBXFileReference section */

/* Begin PBXFrameworksBuildPhase section */
		490179C21D73BDA2001A3E76 /* Frameworks */ = {
			isa = PBXFrameworksBuildPhase;
			buildActionMask = 2147483647;
			files = (
			);
			runOnlyForDeploymentPostprocessing = 0;
		};
/* End PBXFrameworksBuildPhase section */

/* Begin PBXGroup section */
		490179BC1D73BDA2001A3E76 = {
			isa = PBXGroup;
			children = (
				490179C71D73BDA2001A3E76 /* SayWhat */,
				490179C61D73BDA2001A3E76 /* Products */,
			);
			sourceTree = "<group>";
		};
		490179C61D73BDA2001A3E76 /* Products */ = {
			isa = PBXGroup;
			children = (
				490179C51D73BDA2001A3E76 /* SayWhat.app */,
			);
			name = Products;
			sourceTree = "<group>";
		};
		490179C71D73BDA2001A3E76 /* SayWhat */ = {
			isa = PBXGroup;
			children = (
				490179C81D73BDA2001A3E76 /* AppDelegate.swift */,
				494361031D73CA6F00780198 /* Models */,
				494361041D73CA7300780198 /* Views */,
				490179CC1D73BDA2001A3E76 /* Main.storyboard */,
				490179CF1D73BDA2001A3E76 /* Assets.xcassets */,
				490179D11D73BDA2001A3E76 /* LaunchScreen.storyboard */,
				490179D41D73BDA2001A3E76 /* Info.plist */,
			);
			path = SayWhat;
			sourceTree = "<group>";
		};
		494361031D73CA6F00780198 /* Models */ = {
			isa = PBXGroup;
			children = (
				494361051D73CA8700780198 /* ArtistModel.swift */,
			);
			name = Models;
			sourceTree = "<group>";
		};
		494361041D73CA7300780198 /* Views */ = {
			isa = PBXGroup;
			children = (
				494361071D73CA8F00780198 /* ArtistsViewController.swift */,
			);
			name = Views;
			sourceTree = "<group>";
		};
/* End PBXGroup section */

/* Begin PBXNativeTarget section */
		490179C41D73BDA2001A3E76 /* SayWhat */ = {
			isa = PBXNativeTarget;
			buildConfigurationList = 490179D71D73BDA2001A3E76 /* Build configuration list for PBXNativeTarget "SayWhat" */;
			buildPhases = (
				490179C11D73BDA2001A3E76 /* Sources */,
				490179C21D73BDA2001A3E76 /* Frameworks */,
				490179C31D73BDA2001A3E76 /* Resources */,
			);
			buildRules = (
			);
			dependencies = (
			);
			name = SayWhat;
			productName = SayWhat;
			productReference = 490179C51D73BDA2001A3E76 /* SayWhat.app */;
			productType = "com.apple.product-type.application";
		};
/* End PBXNativeTarget section */

/* Begin PBXProject section */
		490179BD1D73BDA2001A3E76 /* Project object */ = {
			isa = PBXProject;
			attributes = {
				LastSwiftUpdateCheck = 0800;
				LastUpgradeCheck = 0800;
				ORGANIZATIONNAME = "creative mess";
				TargetAttributes = {
					490179C41D73BDA2001A3E76 = {
						CreatedOnToolsVersion = 8.0;
						DevelopmentTeam = P2U96TQV3D;
						ProvisioningStyle = Automatic;
					};
				};
			};
			buildConfigurationList = 490179C01D73BDA2001A3E76 /* Build configuration list for PBXProject "SayWhat" */;
			compatibilityVersion = "Xcode 3.2";
			developmentRegion = English;
			hasScannedForEncodings = 0;
			knownRegions = (
				en,
				Base,
			);
			mainGroup = 490179BC1D73BDA2001A3E76;
			productRefGroup = 490179C61D73BDA2001A3E76 /* Products */;
			projectDirPath = "";
			projectRoot = "";
			targets = (
				490179C41D73BDA2001A3E76 /* SayWhat */,
			);
		};
/* End PBXProject section */

/* Begin PBXResourcesBuildPhase section */
		490179C31D73BDA2001A3E76 /* Resources */ = {
			isa = PBXResourcesBuildPhase;
			buildActionMask = 2147483647;
			files = (
				490179D31D73BDA2001A3E76 /* LaunchScreen.storyboard in Resources */,
				490179D01D73BDA2001A3E76 /* Assets.xcassets in Resources */,
				490179CE1D73BDA2001A3E76 /* Main.storyboard in Resources */,
			);
			runOnlyForDeploymentPostprocessing = 0;
		};
/* End PBXResourcesBuildPhase section */

/* Begin PBXSourcesBuildPhase section */
		490179C11D73BDA2001A3E76 /* Sources */ = {
			isa = PBXSourcesBuildPhase;
			buildActionMask = 2147483647;
			files = (
				494361081D73CA8F00780198 /* ArtistsViewController.swift in Sources */,
				494361061D73CA8700780198 /* ArtistModel.swift in Sources */,
				490179C91D73BDA2001A3E76 /* AppDelegate.swift in Sources */,
			);
			runOnlyForDeploymentPostprocessing = 0;
		};
/* End PBXSourcesBuildPhase section */

/* Begin PBXVariantGroup section */
		490179CC1D73BDA2001A3E76 /* Main.storyboard */ = {
			isa = PBXVariantGroup;
			children = (
				490179CD1D73BDA2001A3E76 /* Base */,
			);
			name = Main.storyboard;
			sourceTree = "<group>";
		};
		490179D11D73BDA2001A3E76 /* LaunchScreen.storyboard */ = {
			isa = PBXVariantGroup;
			children = (
				490179D21D73BDA2001A3E76 /* Base */,
			);
			name = LaunchScreen.storyboard;
			sourceTree = "<group>";
		};
/* End PBXVariantGroup section */

/* Begin XCBuildConfiguration section */
		490179D51D73BDA2001A3E76 /* Debug */ = {
			isa = XCBuildConfiguration;
			buildSettings = {
				ALWAYS_SEARCH_USER_PATHS = NO;
				CLANG_ANALYZER_NONNULL = YES;
				CLANG_CXX_LANGUAGE_STANDARD = "gnu++0x";
				CLANG_CXX_LIBRARY = "libc++";
				CLANG_ENABLE_MODULES = YES;
				CLANG_ENABLE_OBJC_ARC = YES;
				CLANG_WARN_BOOL_CONVERSION = YES;
				CLANG_WARN_CONSTANT_CONVERSION = YES;
				CLANG_WARN_DIRECT_OBJC_ISA_USAGE = YES_ERROR;
				CLANG_WARN_DOCUMENTATION_COMMENTS = YES;
				CLANG_WARN_EMPTY_BODY = YES;
				CLANG_WARN_ENUM_CONVERSION = YES;
				CLANG_WARN_INFINITE_RECURSION = YES;
				CLANG_WARN_INT_CONVERSION = YES;
				CLANG_WARN_OBJC_ROOT_CLASS = YES_ERROR;
				CLANG_WARN_SUSPICIOUS_MOVES = YES;
				CLANG_WARN_UNREACHABLE_CODE = YES;
				CLANG_WARN__DUPLICATE_METHOD_MATCH = YES;
				"CODE_SIGN_IDENTITY[sdk=iphoneos*]" = "iPhone Developer";
				COPY_PHASE_STRIP = NO;
				DEBUG_INFORMATION_FORMAT = dwarf;
				ENABLE_STRICT_OBJC_MSGSEND = YES;
				ENABLE_TESTABILITY = YES;
				GCC_C_LANGUAGE_STANDARD = gnu99;
				GCC_DYNAMIC_NO_PIC = NO;
				GCC_NO_COMMON_BLOCKS = YES;
				GCC_OPTIMIZATION_LEVEL = 0;
				GCC_PREPROCESSOR_DEFINITIONS = (
					"DEBUG=1",
					"$(inherited)",
				);
				GCC_WARN_64_TO_32_BIT_CONVERSION = YES;
				GCC_WARN_ABOUT_RETURN_TYPE = YES_ERROR;
				GCC_WARN_UNDECLARED_SELECTOR = YES;
				GCC_WARN_UNINITIALIZED_AUTOS = YES_AGGRESSIVE;
				GCC_WARN_UNUSED_FUNCTION = YES;
				GCC_WARN_UNUSED_VARIABLE = YES;
				IPHONEOS_DEPLOYMENT_TARGET = 10.0;
				MTL_ENABLE_DEBUG_INFO = YES;
				ONLY_ACTIVE_ARCH = YES;
				SDKROOT = iphoneos;
				SWIFT_ACTIVE_COMPILATION_CONDITIONS = DEBUG;
				SWIFT_OPTIMIZATION_LEVEL = "-Onone";
				TARGETED_DEVICE_FAMILY = "1,2";
			};
			name = Debug;
		};
		490179D61D73BDA2001A3E76 /* Release */ = {
			isa = XCBuildConfiguration;
			buildSettings = {
				ALWAYS_SEARCH_USER_PATHS = NO;
				CLANG_ANALYZER_NONNULL = YES;
				CLANG_CXX_LANGUAGE_STANDARD = "gnu++0x";
				CLANG_CXX_LIBRARY = "libc++";
				CLANG_ENABLE_MODULES = YES;
				CLANG_ENABLE_OBJC_ARC = YES;
				CLANG_WARN_BOOL_CONVERSION = YES;
				CLANG_WARN_CONSTANT_CONVERSION = YES;
				CLANG_WARN_DIRECT_OBJC_ISA_USAGE = YES_ERROR;
				CLANG_WARN_DOCUMENTATION_COMMENTS = YES;
				CLANG_WARN_EMPTY_BODY = YES;
				CLANG_WARN_ENUM_CONVERSION = YES;
				CLANG_WARN_INFINITE_RECURSION = YES;
				CLANG_WARN_INT_CONVERSION = YES;
				CLANG_WARN_OBJC_ROOT_CLASS = YES_ERROR;
				CLANG_WARN_SUSPICIOUS_MOVES = YES;
				CLANG_WARN_UNREACHABLE_CODE = YES;
				CLANG_WARN__DUPLICATE_METHOD_MATCH = YES;
				"CODE_SIGN_IDENTITY[sdk=iphoneos*]" = "iPhone Developer";
				COPY_PHASE_STRIP = NO;
				DEBUG_INFORMATION_FORMAT = "dwarf-with-dsym";
				ENABLE_NS_ASSERTIONS = NO;
				ENABLE_STRICT_OBJC_MSGSEND = YES;
				GCC_C_LANGUAGE_STANDARD = gnu99;
				GCC_NO_COMMON_BLOCKS = YES;
				GCC_WARN_64_TO_32_BIT_CONVERSION = YES;
				GCC_WARN_ABOUT_RETURN_TYPE = YES_ERROR;
				GCC_WARN_UNDECLARED_SELECTOR = YES;
				GCC_WARN_UNINITIALIZED_AUTOS = YES_AGGRESSIVE;
				GCC_WARN_UNUSED_FUNCTION = YES;
				GCC_WARN_UNUSED_VARIABLE = YES;
				IPHONEOS_DEPLOYMENT_TARGET = 10.0;
				MTL_ENABLE_DEBUG_INFO = NO;
				SDKROOT = iphoneos;
				SWIFT_OPTIMIZATION_LEVEL = "-Owholemodule";
				TARGETED_DEVICE_FAMILY = "1,2";
				VALIDATE_PRODUCT = YES;
			};
			name = Release;
		};
		490179D81D73BDA2001A3E76 /* Debug */ = {
			isa = XCBuildConfiguration;
			buildSettings = {
				ASSETCATALOG_COMPILER_APPICON_NAME = AppIcon;
				DEVELOPMENT_TEAM = P2U96TQV3D;
				INFOPLIST_FILE = SayWhat/Info.plist;
				LD_RUNPATH_SEARCH_PATHS = "$(inherited) @executable_path/Frameworks";
				PRODUCT_BUNDLE_IDENTIFIER = com.creativemess.SayWhat;
				PRODUCT_NAME = "$(TARGET_NAME)";
				SWIFT_VERSION = 3.0;
			};
			name = Debug;
		};
		490179D91D73BDA2001A3E76 /* Release */ = {
			isa = XCBuildConfiguration;
			buildSettings = {
				ASSETCATALOG_COMPILER_APPICON_NAME = AppIcon;
				DEVELOPMENT_TEAM = P2U96TQV3D;
				INFOPLIST_FILE = SayWhat/Info.plist;
				LD_RUNPATH_SEARCH_PATHS = "$(inherited) @executable_path/Frameworks";
				PRODUCT_BUNDLE_IDENTIFIER = com.creativemess.SayWhat;
				PRODUCT_NAME = "$(TARGET_NAME)";
				SWIFT_VERSION = 3.0;
			};
			name = Release;
		};
/* End XCBuildConfiguration section */

/* Begin XCConfigurationList section */
		490179C01D73BDA2001A3E76 /* Build configuration list for PBXProject "SayWhat" */ = {
			isa = XCConfigurationList;
			buildConfigurations = (
				490179D51D73BDA2001A3E76 /* Debug */,
				490179D61D73BDA2001A3E76 /* Release */,
			);
			defaultConfigurationIsVisible = 0;
			defaultConfigurationName = Release;
		};
		490179D71D73BDA2001A3E76 /* Build configuration list for PBXNativeTarget "SayWhat" */ = {
			isa = XCConfigurationList;
			buildConfigurations = (
				490179D81D73BDA2001A3E76 /* Debug */,
				490179D91D73BDA2001A3E76 /* Release */,
			);
			defaultConfigurationIsVisible = 0;
			defaultConfigurationName = Release;
		};
/* End XCConfigurationList section */
	};
	rootObject = 490179BD1D73BDA2001A3E76 /* Project object */;
}
